// !$*UTF8*$!
{
	archiveVersion = 1;
	classes = {
	};
	objectVersion = 50;
	objects = {

/* Begin PBXBuildFile section */
		6626446921BEC04E006D616E /* CADisplayLinkViewController.swift in Sources */ = {isa = PBXBuildFile; fileRef = 6626446821BEC04E006D616E /* CADisplayLinkViewController.swift */; };
		663F6F6A21EE45D000E1B965 /* StretchyCollectionViewController.swift in Sources */ = {isa = PBXBuildFile; fileRef = 663F6F6921EE45D000E1B965 /* StretchyCollectionViewController.swift */; };
		663F6F6C21EE4FAE00E1B965 /* CollectionHeaderView.swift in Sources */ = {isa = PBXBuildFile; fileRef = 663F6F6B21EE4FAE00E1B965 /* CollectionHeaderView.swift */; };
		663F6F6E21EE70AE00E1B965 /* StretchyHeaderLayout.swift in Sources */ = {isa = PBXBuildFile; fileRef = 663F6F6D21EE70AE00E1B965 /* StretchyHeaderLayout.swift */; };
		664F011521ACD72900AD9BB2 /* AppDelegate.swift in Sources */ = {isa = PBXBuildFile; fileRef = 664F011421ACD72900AD9BB2 /* AppDelegate.swift */; };
		664F011721ACD72900AD9BB2 /* ViewController.swift in Sources */ = {isa = PBXBuildFile; fileRef = 664F011621ACD72900AD9BB2 /* ViewController.swift */; };
		664F011D21ACD72900AD9BB2 /* CoreDataSetup.xcdatamodeld in Sources */ = {isa = PBXBuildFile; fileRef = 664F011B21ACD72900AD9BB2 /* CoreDataSetup.xcdatamodeld */; };
		664F011F21ACD72B00AD9BB2 /* Assets.xcassets in Resources */ = {isa = PBXBuildFile; fileRef = 664F011E21ACD72B00AD9BB2 /* Assets.xcassets */; };
		664F012221ACD72B00AD9BB2 /* LaunchScreen.storyboard in Resources */ = {isa = PBXBuildFile; fileRef = 664F012021ACD72B00AD9BB2 /* LaunchScreen.storyboard */; };
		664F012B21ACDD1000AD9BB2 /* User+CoreDataClass.swift in Sources */ = {isa = PBXBuildFile; fileRef = 664F012921ACDD1000AD9BB2 /* User+CoreDataClass.swift */; };
		664F012C21ACDD1000AD9BB2 /* User+CoreDataProperties.swift in Sources */ = {isa = PBXBuildFile; fileRef = 664F012A21ACDD1000AD9BB2 /* User+CoreDataProperties.swift */; };
		664F012E21ACDE0700AD9BB2 /* PersistenceManager.swift in Sources */ = {isa = PBXBuildFile; fileRef = 664F012D21ACDE0700AD9BB2 /* PersistenceManager.swift */; };
		66A16DCE21BC607C00C510F1 /* FbLikeAnimationViewController.swift in Sources */ = {isa = PBXBuildFile; fileRef = 66A16DCD21BC607C00C510F1 /* FbLikeAnimationViewController.swift */; };
		66CD402921C2B21000AB850B /* ChatBubbleTableViewController.swift in Sources */ = {isa = PBXBuildFile; fileRef = 66CD402821C2B21000AB850B /* ChatBubbleTableViewController.swift */; };
/* End PBXBuildFile section */

/* Begin PBXFileReference section */
		6626446821BEC04E006D616E /* CADisplayLinkViewController.swift */ = {isa = PBXFileReference; lastKnownFileType = sourcecode.swift; path = CADisplayLinkViewController.swift; sourceTree = "<group>"; };
		663F6F6921EE45D000E1B965 /* StretchyCollectionViewController.swift */ = {isa = PBXFileReference; lastKnownFileType = sourcecode.swift; path = StretchyCollectionViewController.swift; sourceTree = "<group>"; };
		663F6F6B21EE4FAE00E1B965 /* CollectionHeaderView.swift */ = {isa = PBXFileReference; lastKnownFileType = sourcecode.swift; path = CollectionHeaderView.swift; sourceTree = "<group>"; };
		663F6F6D21EE70AE00E1B965 /* StretchyHeaderLayout.swift */ = {isa = PBXFileReference; lastKnownFileType = sourcecode.swift; path = StretchyHeaderLayout.swift; sourceTree = "<group>"; };
		664F011121ACD72900AD9BB2 /* CoreDataSetup.app */ = {isa = PBXFileReference; explicitFileType = wrapper.application; includeInIndex = 0; path = CoreDataSetup.app; sourceTree = BUILT_PRODUCTS_DIR; };
		664F011421ACD72900AD9BB2 /* AppDelegate.swift */ = {isa = PBXFileReference; lastKnownFileType = sourcecode.swift; path = AppDelegate.swift; sourceTree = "<group>"; };
		664F011621ACD72900AD9BB2 /* ViewController.swift */ = {isa = PBXFileReference; lastKnownFileType = sourcecode.swift; path = ViewController.swift; sourceTree = "<group>"; };
		664F011C21ACD72900AD9BB2 /* CoreDataSetup.xcdatamodel */ = {isa = PBXFileReference; lastKnownFileType = wrapper.xcdatamodel; path = CoreDataSetup.xcdatamodel; sourceTree = "<group>"; };
		664F011E21ACD72B00AD9BB2 /* Assets.xcassets */ = {isa = PBXFileReference; lastKnownFileType = folder.assetcatalog; path = Assets.xcassets; sourceTree = "<group>"; };
		664F012121ACD72B00AD9BB2 /* Base */ = {isa = PBXFileReference; lastKnownFileType = file.storyboard; name = Base; path = Base.lproj/LaunchScreen.storyboard; sourceTree = "<group>"; };
		664F012321ACD72B00AD9BB2 /* Info.plist */ = {isa = PBXFileReference; lastKnownFileType = text.plist.xml; path = Info.plist; sourceTree = "<group>"; };
		664F012921ACDD1000AD9BB2 /* User+CoreDataClass.swift */ = {isa = PBXFileReference; lastKnownFileType = sourcecode.swift; path = "User+CoreDataClass.swift"; sourceTree = "<group>"; };
		664F012A21ACDD1000AD9BB2 /* User+CoreDataProperties.swift */ = {isa = PBXFileReference; lastKnownFileType = sourcecode.swift; path = "User+CoreDataProperties.swift"; sourceTree = "<group>"; };
		664F012D21ACDE0700AD9BB2 /* PersistenceManager.swift */ = {isa = PBXFileReference; lastKnownFileType = sourcecode.swift; path = PersistenceManager.swift; sourceTree = "<group>"; };
		66A16DCD21BC607C00C510F1 /* FbLikeAnimationViewController.swift */ = {isa = PBXFileReference; lastKnownFileType = sourcecode.swift; path = FbLikeAnimationViewController.swift; sourceTree = "<group>"; };
		66CD402821C2B21000AB850B /* ChatBubbleTableViewController.swift */ = {isa = PBXFileReference; lastKnownFileType = sourcecode.swift; path = ChatBubbleTableViewController.swift; sourceTree = "<group>"; };
/* End PBXFileReference section */

/* Begin PBXFrameworksBuildPhase section */
		664F010E21ACD72900AD9BB2 /* Frameworks */ = {
			isa = PBXFrameworksBuildPhase;
			buildActionMask = 2147483647;
			files = (
			);
			runOnlyForDeploymentPostprocessing = 0;
		};
/* End PBXFrameworksBuildPhase section */

/* Begin PBXGroup section */
		663F6F6821EE457F00E1B965 /* StretchyHeaderCollectionView */ = {
			isa = PBXGroup;
			children = (
				663F6F6B21EE4FAE00E1B965 /* CollectionHeaderView.swift */,
				663F6F6921EE45D000E1B965 /* StretchyCollectionViewController.swift */,
				663F6F6D21EE70AE00E1B965 /* StretchyHeaderLayout.swift */,
			);
			path = StretchyHeaderCollectionView;
			sourceTree = "<group>";
		};
		664F010821ACD72900AD9BB2 = {
			isa = PBXGroup;
			children = (
				664F011321ACD72900AD9BB2 /* AppFunFeatures */,
				664F011221ACD72900AD9BB2 /* Products */,
			);
			sourceTree = "<group>";
		};
		664F011221ACD72900AD9BB2 /* Products */ = {
			isa = PBXGroup;
			children = (
				664F011121ACD72900AD9BB2 /* CoreDataSetup.app */,
			);
			name = Products;
			sourceTree = "<group>";
		};
		664F011321ACD72900AD9BB2 /* AppFunFeatures */ = {
			isa = PBXGroup;
			children = (
				664F011421ACD72900AD9BB2 /* AppDelegate.swift */,
				664F011621ACD72900AD9BB2 /* ViewController.swift */,
				66A16DCD21BC607C00C510F1 /* FbLikeAnimationViewController.swift */,
				6626446821BEC04E006D616E /* CADisplayLinkViewController.swift */,
				66CD402821C2B21000AB850B /* ChatBubbleTableViewController.swift */,
				663F6F6821EE457F00E1B965 /* StretchyHeaderCollectionView */,
				664F011E21ACD72B00AD9BB2 /* Assets.xcassets */,
				664F012021ACD72B00AD9BB2 /* LaunchScreen.storyboard */,
				664F012A21ACDD1000AD9BB2 /* User+CoreDataProperties.swift */,
				664F012921ACDD1000AD9BB2 /* User+CoreDataClass.swift */,
				664F012321ACD72B00AD9BB2 /* Info.plist */,
				664F011B21ACD72900AD9BB2 /* CoreDataSetup.xcdatamodeld */,
				664F012D21ACDE0700AD9BB2 /* PersistenceManager.swift */,
			);
			path = AppFunFeatures;
			sourceTree = "<group>";
		};
/* End PBXGroup section */

/* Begin PBXNativeTarget section */
		664F011021ACD72900AD9BB2 /* CoreDataSetup */ = {
			isa = PBXNativeTarget;
			buildConfigurationList = 664F012621ACD72B00AD9BB2 /* Build configuration list for PBXNativeTarget "CoreDataSetup" */;
			buildPhases = (
				664F010D21ACD72900AD9BB2 /* Sources */,
				664F010E21ACD72900AD9BB2 /* Frameworks */,
				664F010F21ACD72900AD9BB2 /* Resources */,
			);
			buildRules = (
			);
			dependencies = (
			);
			name = CoreDataSetup;
			productName = CoreDataSetup;
			productReference = 664F011121ACD72900AD9BB2 /* CoreDataSetup.app */;
			productType = "com.apple.product-type.application";
		};
/* End PBXNativeTarget section */

/* Begin PBXProject section */
		664F010921ACD72900AD9BB2 /* Project object */ = {
			isa = PBXProject;
			attributes = {
				LastSwiftUpdateCheck = 1010;
				LastUpgradeCheck = 1010;
				ORGANIZATIONNAME = "Xin Zou";
				TargetAttributes = {
					664F011021ACD72900AD9BB2 = {
						CreatedOnToolsVersion = 10.1;
					};
				};
			};
			buildConfigurationList = 664F010C21ACD72900AD9BB2 /* Build configuration list for PBXProject "AppFunFeatures" */;
			compatibilityVersion = "Xcode 9.3";
			developmentRegion = en;
			hasScannedForEncodings = 0;
			knownRegions = (
				en,
				Base,
			);
			mainGroup = 664F010821ACD72900AD9BB2;
			productRefGroup = 664F011221ACD72900AD9BB2 /* Products */;
			projectDirPath = "";
			projectRoot = "";
			targets = (
				664F011021ACD72900AD9BB2 /* CoreDataSetup */,
			);
		};
/* End PBXProject section */

/* Begin PBXResourcesBuildPhase section */
		664F010F21ACD72900AD9BB2 /* Resources */ = {
			isa = PBXResourcesBuildPhase;
			buildActionMask = 2147483647;
			files = (
				664F012221ACD72B00AD9BB2 /* LaunchScreen.storyboard in Resources */,
				664F011F21ACD72B00AD9BB2 /* Assets.xcassets in Resources */,
			);
			runOnlyForDeploymentPostprocessing = 0;
		};
/* End PBXResourcesBuildPhase section */

/* Begin PBXSourcesBuildPhase section */
		664F010D21ACD72900AD9BB2 /* Sources */ = {
			isa = PBXSourcesBuildPhase;
			buildActionMask = 2147483647;
			files = (
				664F011D21ACD72900AD9BB2 /* CoreDataSetup.xcdatamodeld in Sources */,
				663F6F6C21EE4FAE00E1B965 /* CollectionHeaderView.swift in Sources */,
				66CD402921C2B21000AB850B /* ChatBubbleTableViewController.swift in Sources */,
				663F6F6A21EE45D000E1B965 /* StretchyCollectionViewController.swift in Sources */,
				6626446921BEC04E006D616E /* CADisplayLinkViewController.swift in Sources */,
				664F011721ACD72900AD9BB2 /* ViewController.swift in Sources */,
				663F6F6E21EE70AE00E1B965 /* StretchyHeaderLayout.swift in Sources */,
				66A16DCE21BC607C00C510F1 /* FbLikeAnimationViewController.swift in Sources */,
				664F012B21ACDD1000AD9BB2 /* User+CoreDataClass.swift in Sources */,
				664F012E21ACDE0700AD9BB2 /* PersistenceManager.swift in Sources */,
				664F012C21ACDD1000AD9BB2 /* User+CoreDataProperties.swift in Sources */,
				664F011521ACD72900AD9BB2 /* AppDelegate.swift in Sources */,
			);
			runOnlyForDeploymentPostprocessing = 0;
		};
/* End PBXSourcesBuildPhase section */

/* Begin PBXVariantGroup section */
		664F012021ACD72B00AD9BB2 /* LaunchScreen.storyboard */ = {
			isa = PBXVariantGroup;
			children = (
				664F012121ACD72B00AD9BB2 /* Base */,
			);
			name = LaunchScreen.storyboard;
			sourceTree = "<group>";
		};
/* End PBXVariantGroup section */

/* Begin XCBuildConfiguration section */
		664F012421ACD72B00AD9BB2 /* Debug */ = {
			isa = XCBuildConfiguration;
			buildSettings = {
				ALWAYS_SEARCH_USER_PATHS = NO;
				CLANG_ANALYZER_NONNULL = YES;
				CLANG_ANALYZER_NUMBER_OBJECT_CONVERSION = YES_AGGRESSIVE;
				CLANG_CXX_LANGUAGE_STANDARD = "gnu++14";
				CLANG_CXX_LIBRARY = "libc++";
				CLANG_ENABLE_MODULES = YES;
				CLANG_ENABLE_OBJC_ARC = YES;
				CLANG_ENABLE_OBJC_WEAK = YES;
				CLANG_WARN_BLOCK_CAPTURE_AUTORELEASING = YES;
				CLANG_WARN_BOOL_CONVERSION = YES;
				CLANG_WARN_COMMA = YES;
				CLANG_WARN_CONSTANT_CONVERSION = YES;
				CLANG_WARN_DEPRECATED_OBJC_IMPLEMENTATIONS = YES;
				CLANG_WARN_DIRECT_OBJC_ISA_USAGE = YES_ERROR;
				CLANG_WARN_DOCUMENTATION_COMMENTS = YES;
				CLANG_WARN_EMPTY_BODY = YES;
				CLANG_WARN_ENUM_CONVERSION = YES;
				CLANG_WARN_INFINITE_RECURSION = YES;
				CLANG_WARN_INT_CONVERSION = YES;
				CLANG_WARN_NON_LITERAL_NULL_CONVERSION = YES;
				CLANG_WARN_OBJC_IMPLICIT_RETAIN_SELF = YES;
				CLANG_WARN_OBJC_LITERAL_CONVERSION = YES;
				CLANG_WARN_OBJC_ROOT_CLASS = YES_ERROR;
				CLANG_WARN_RANGE_LOOP_ANALYSIS = YES;
				CLANG_WARN_STRICT_PROTOTYPES = YES;
				CLANG_WARN_SUSPICIOUS_MOVE = YES;
				CLANG_WARN_UNGUARDED_AVAILABILITY = YES_AGGRESSIVE;
				CLANG_WARN_UNREACHABLE_CODE = YES;
				CLANG_WARN__DUPLICATE_METHOD_MATCH = YES;
				CODE_SIGN_IDENTITY = "iPhone Developer";
				COPY_PHASE_STRIP = NO;
				DEBUG_INFORMATION_FORMAT = dwarf;
				ENABLE_STRICT_OBJC_MSGSEND = YES;
				ENABLE_TESTABILITY = YES;
				GCC_C_LANGUAGE_STANDARD = gnu11;
				GCC_DYNAMIC_NO_PIC = NO;
				GCC_NO_COMMON_BLOCKS = YES;
				GCC_OPTIMIZATION_LEVEL = 0;
				GCC_PREPROCESSOR_DEFINITIONS = (
					"DEBUG=1",
					"$(inherited)",
				);
				GCC_WARN_64_TO_32_BIT_CONVERSION = YES;
				GCC_WARN_ABOUT_RETURN_TYPE = YES_ERROR;
				GCC_WARN_UNDECLARED_SELECTOR = YES;
				GCC_WARN_UNINITIALIZED_AUTOS = YES_AGGRESSIVE;
				GCC_WARN_UNUSED_FUNCTION = YES;
				GCC_WARN_UNUSED_VARIABLE = YES;
				IPHONEOS_DEPLOYMENT_TARGET = 12.1;
				MTL_ENABLE_DEBUG_INFO = INCLUDE_SOURCE;
				MTL_FAST_MATH = YES;
				ONLY_ACTIVE_ARCH = YES;
				SDKROOT = iphoneos;
				SWIFT_ACTIVE_COMPILATION_CONDITIONS = DEBUG;
				SWIFT_OPTIMIZATION_LEVEL = "-Onone";
			};
			name = Debug;
		};
		664F012521ACD72B00AD9BB2 /* Release */ = {
			isa = XCBuildConfiguration;
			buildSettings = {
				ALWAYS_SEARCH_USER_PATHS = NO;
				CLANG_ANALYZER_NONNULL = YES;
				CLANG_ANALYZER_NUMBER_OBJECT_CONVERSION = YES_AGGRESSIVE;
				CLANG_CXX_LANGUAGE_STANDARD = "gnu++14";
				CLANG_CXX_LIBRARY = "libc++";
				CLANG_ENABLE_MODULES = YES;
				CLANG_ENABLE_OBJC_ARC = YES;
				CLANG_ENABLE_OBJC_WEAK = YES;
				CLANG_WARN_BLOCK_CAPTURE_AUTORELEASING = YES;
				CLANG_WARN_BOOL_CONVERSION = YES;
				CLANG_WARN_COMMA = YES;
				CLANG_WARN_CONSTANT_CONVERSION = YES;
				CLANG_WARN_DEPRECATED_OBJC_IMPLEMENTATIONS = YES;
				CLANG_WARN_DIRECT_OBJC_ISA_USAGE = YES_ERROR;
				CLANG_WARN_DOCUMENTATION_COMMENTS = YES;
				CLANG_WARN_EMPTY_BODY = YES;
				CLANG_WARN_ENUM_CONVERSION = YES;
				CLANG_WARN_INFINITE_RECURSION = YES;
				CLANG_WARN_INT_CONVERSION = YES;
				CLANG_WARN_NON_LITERAL_NULL_CONVERSION = YES;
				CLANG_WARN_OBJC_IMPLICIT_RETAIN_SELF = YES;
				CLANG_WARN_OBJC_LITERAL_CONVERSION = YES;
				CLANG_WARN_OBJC_ROOT_CLASS = YES_ERROR;
				CLANG_WARN_RANGE_LOOP_ANALYSIS = YES;
				CLANG_WARN_STRICT_PROTOTYPES = YES;
				CLANG_WARN_SUSPICIOUS_MOVE = YES;
				CLANG_WARN_UNGUARDED_AVAILABILITY = YES_AGGRESSIVE;
				CLANG_WARN_UNREACHABLE_CODE = YES;
				CLANG_WARN__DUPLICATE_METHOD_MATCH = YES;
				CODE_SIGN_IDENTITY = "iPhone Developer";
				COPY_PHASE_STRIP = NO;
				DEBUG_INFORMATION_FORMAT = "dwarf-with-dsym";
				ENABLE_NS_ASSERTIONS = NO;
				ENABLE_STRICT_OBJC_MSGSEND = YES;
				GCC_C_LANGUAGE_STANDARD = gnu11;
				GCC_NO_COMMON_BLOCKS = YES;
				GCC_WARN_64_TO_32_BIT_CONVERSION = YES;
				GCC_WARN_ABOUT_RETURN_TYPE = YES_ERROR;
				GCC_WARN_UNDECLARED_SELECTOR = YES;
				GCC_WARN_UNINITIALIZED_AUTOS = YES_AGGRESSIVE;
				GCC_WARN_UNUSED_FUNCTION = YES;
				GCC_WARN_UNUSED_VARIABLE = YES;
				IPHONEOS_DEPLOYMENT_TARGET = 12.1;
				MTL_ENABLE_DEBUG_INFO = NO;
				MTL_FAST_MATH = YES;
				SDKROOT = iphoneos;
				SWIFT_COMPILATION_MODE = wholemodule;
				SWIFT_OPTIMIZATION_LEVEL = "-O";
				VALIDATE_PRODUCT = YES;
			};
			name = Release;
		};
		664F012721ACD72B00AD9BB2 /* Debug */ = {
			isa = XCBuildConfiguration;
			buildSettings = {
				ASSETCATALOG_COMPILER_APPICON_NAME = AppIcon;
				CODE_SIGN_STYLE = Automatic;
				DEVELOPMENT_TEAM = 6S4EWJH888;
				INFOPLIST_FILE = CoreDataSetup/Info.plist;
				LD_RUNPATH_SEARCH_PATHS = (
					"$(inherited)",
					"@executable_path/Frameworks",
				);
				PRODUCT_BUNDLE_IDENTIFIER = edu.stevens.xinzou.CoreDataSetup;
				PRODUCT_NAME = "$(TARGET_NAME)";
				SWIFT_VERSION = 4.2;
				TARGETED_DEVICE_FAMILY = "1,2";
			};
			name = Debug;
		};
		664F012821ACD72B00AD9BB2 /* Release */ = {
			isa = XCBuildConfiguration;
			buildSettings = {
				ASSETCATALOG_COMPILER_APPICON_NAME = AppIcon;
				CODE_SIGN_STYLE = Automatic;
				DEVELOPMENT_TEAM = 6S4EWJH888;
				INFOPLIST_FILE = CoreDataSetup/Info.plist;
				LD_RUNPATH_SEARCH_PATHS = (
					"$(inherited)",
					"@executable_path/Frameworks",
				);
				PRODUCT_BUNDLE_IDENTIFIER = edu.stevens.xinzou.CoreDataSetup;
				PRODUCT_NAME = "$(TARGET_NAME)";
				SWIFT_VERSION = 4.2;
				TARGETED_DEVICE_FAMILY = "1,2";
			};
			name = Release;
		};
/* End XCBuildConfiguration section */

/* Begin XCConfigurationList section */
		664F010C21ACD72900AD9BB2 /* Build configuration list for PBXProject "AppFunFeatures" */ = {
			isa = XCConfigurationList;
			buildConfigurations = (
				664F012421ACD72B00AD9BB2 /* Debug */,
				664F012521ACD72B00AD9BB2 /* Release */,
			);
			defaultConfigurationIsVisible = 0;
			defaultConfigurationName = Release;
		};
		664F012621ACD72B00AD9BB2 /* Build configuration list for PBXNativeTarget "CoreDataSetup" */ = {
			isa = XCConfigurationList;
			buildConfigurations = (
				664F012721ACD72B00AD9BB2 /* Debug */,
				664F012821ACD72B00AD9BB2 /* Release */,
			);
			defaultConfigurationIsVisible = 0;
			defaultConfigurationName = Release;
		};
/* End XCConfigurationList section */

/* Begin XCVersionGroup section */
		664F011B21ACD72900AD9BB2 /* CoreDataSetup.xcdatamodeld */ = {
			isa = XCVersionGroup;
			children = (
				664F011C21ACD72900AD9BB2 /* CoreDataSetup.xcdatamodel */,
			);
			currentVersion = 664F011C21ACD72900AD9BB2 /* CoreDataSetup.xcdatamodel */;
			path = CoreDataSetup.xcdatamodeld;
			sourceTree = "<group>";
			versionGroupType = wrapper.xcdatamodel;
		};
/* End XCVersionGroup section */
	};
	rootObject = 664F010921ACD72900AD9BB2 /* Project object */;
}
