// !$*UTF8*$!
{
	archiveVersion = 1;
	classes = {
	};
	objectVersion = 50;
	objects = {

/* Begin PBXBuildFile section */
		6628686D2221D15E00CE49D0 /* AppDelegate.swift in Sources */ = {isa = PBXBuildFile; fileRef = 664F011421ACD72900AD9BB2 /* AppDelegate.swift */; };
		6628686E2221D15E00CE49D0 /* MainViewController.swift in Sources */ = {isa = PBXBuildFile; fileRef = 664F011621ACD72900AD9BB2 /* MainViewController.swift */; };
		6628686F2221D18000CE49D0 /* FbLikeAnimationViewController.swift in Sources */ = {isa = PBXBuildFile; fileRef = 66A16DCD21BC607C00C510F1 /* FbLikeAnimationViewController.swift */; };
		662868702221D18000CE49D0 /* ChatBubbleTableViewController.swift in Sources */ = {isa = PBXBuildFile; fileRef = 66CD402821C2B21000AB850B /* ChatBubbleTableViewController.swift */; };
		662868712221D18000CE49D0 /* CADisplayLinkViewController.swift in Sources */ = {isa = PBXBuildFile; fileRef = 6626446821BEC04E006D616E /* CADisplayLinkViewController.swift */; };
		662868722221D18000CE49D0 /* CollectionHeaderView.swift in Sources */ = {isa = PBXBuildFile; fileRef = 663F6F6B21EE4FAE00E1B965 /* CollectionHeaderView.swift */; };
		662868732221D18000CE49D0 /* StretchyCollectionViewController.swift in Sources */ = {isa = PBXBuildFile; fileRef = 663F6F6921EE45D000E1B965 /* StretchyCollectionViewController.swift */; };
		662868742221D18000CE49D0 /* StretchyHeaderLayout.swift in Sources */ = {isa = PBXBuildFile; fileRef = 663F6F6D21EE70AE00E1B965 /* StretchyHeaderLayout.swift */; };
		662868772221D18000CE49D0 /* User+CoreDataProperties.swift in Sources */ = {isa = PBXBuildFile; fileRef = 664F012A21ACDD1000AD9BB2 /* User+CoreDataProperties.swift */; };
		662868782221D18000CE49D0 /* User+CoreDataClass.swift in Sources */ = {isa = PBXBuildFile; fileRef = 664F012921ACDD1000AD9BB2 /* User+CoreDataClass.swift */; };
		6628687B2221D18000CE49D0 /* PersistenceManager.swift in Sources */ = {isa = PBXBuildFile; fileRef = 664F012D21ACDE0700AD9BB2 /* PersistenceManager.swift */; };
		6628687C2221D1CC00CE49D0 /* Assets.xcassets in Sources */ = {isa = PBXBuildFile; fileRef = 664F011E21ACD72B00AD9BB2 /* Assets.xcassets */; };
		6628687D2221D1CC00CE49D0 /* LaunchScreen.storyboard in Sources */ = {isa = PBXBuildFile; fileRef = 664F012021ACD72B00AD9BB2 /* LaunchScreen.storyboard */; };
		662868822221EF1900CE49D0 /* AnimateTransitBaseViewController.swift in Sources */ = {isa = PBXBuildFile; fileRef = 662868812221EF1900CE49D0 /* AnimateTransitBaseViewController.swift */; };
		662868842221F53F00CE49D0 /* PhotoBrowser.swift in Sources */ = {isa = PBXBuildFile; fileRef = 662868832221F53F00CE49D0 /* PhotoBrowser.swift */; };
		662868862221F5E400CE49D0 /* PhotoBrowserBaseCell.swift in Sources */ = {isa = PBXBuildFile; fileRef = 662868852221F5E400CE49D0 /* PhotoBrowserBaseCell.swift */; };
		662868882221F63800CE49D0 /* PhotoBrowserBaseDelegate.swift in Sources */ = {isa = PBXBuildFile; fileRef = 662868872221F63800CE49D0 /* PhotoBrowserBaseDelegate.swift */; };
		6628688A2221F74F00CE49D0 /* PhotoBrowserDelegate.swift in Sources */ = {isa = PBXBuildFile; fileRef = 662868892221F74F00CE49D0 /* PhotoBrowserDelegate.swift */; };
		6628688C2221F7CA00CE49D0 /* PhotoBrowserDataSource.swift in Sources */ = {isa = PBXBuildFile; fileRef = 6628688B2221F7CA00CE49D0 /* PhotoBrowserDataSource.swift */; };
		6628688E2221F7F300CE49D0 /* PhotoBrowserTransitioningDelegate.swift in Sources */ = {isa = PBXBuildFile; fileRef = 6628688D2221F7F300CE49D0 /* PhotoBrowserTransitioningDelegate.swift */; };
		662868922221FA0C00CE49D0 /* PhotoBrowserFadeTransitioning.swift in Sources */ = {isa = PBXBuildFile; fileRef = 662868912221FA0C00CE49D0 /* PhotoBrowserFadeTransitioning.swift */; };
		662868942221FAE700CE49D0 /* PhotoBroswerPresentationController.swift in Sources */ = {isa = PBXBuildFile; fileRef = 662868932221FAE700CE49D0 /* PhotoBroswerPresentationController.swift */; };
		662868962221FB1600CE49D0 /* PhotoBrowserTransitioning.swift in Sources */ = {isa = PBXBuildFile; fileRef = 662868952221FB1600CE49D0 /* PhotoBrowserTransitioning.swift */; };
		662868982221FB7000CE49D0 /* PhotoBrowserZoomTransition.swift in Sources */ = {isa = PBXBuildFile; fileRef = 662868972221FB7000CE49D0 /* PhotoBrowserZoomTransition.swift */; };
		6628689B2221FC4F00CE49D0 /* PhotoBrowserFadeDismissingAnimator.swift in Sources */ = {isa = PBXBuildFile; fileRef = 6628689A2221FC4F00CE49D0 /* PhotoBrowserFadeDismissingAnimator.swift */; };
		6628689D2221FC8100CE49D0 /* PhotoBrowserFadePresentingAnimator.swift in Sources */ = {isa = PBXBuildFile; fileRef = 6628689C2221FC8100CE49D0 /* PhotoBrowserFadePresentingAnimator.swift */; };
		6628689F2221FCA400CE49D0 /* PhotoBrowserZoomAnimator.swift in Sources */ = {isa = PBXBuildFile; fileRef = 6628689E2221FCA400CE49D0 /* PhotoBrowserZoomAnimator.swift */; };
		662868A12222037F00CE49D0 /* LocalDataSource.swift in Sources */ = {isa = PBXBuildFile; fileRef = 662868A02222037F00CE49D0 /* LocalDataSource.swift */; };
		662868A32222052A00CE49D0 /* Namespace.swift in Sources */ = {isa = PBXBuildFile; fileRef = 662868A22222052A00CE49D0 /* Namespace.swift */; };
		662868D82223538E00CE49D0 /* TableViewController.swift in Sources */ = {isa = PBXBuildFile; fileRef = 662868D72223538E00CE49D0 /* TableViewController.swift */; };
		662868DA222354C300CE49D0 /* PTTableCell.swift in Sources */ = {isa = PBXBuildFile; fileRef = 662868D9222354C300CE49D0 /* PTTableCell.swift */; };
		662868DC2223553B00CE49D0 /* PTHelpers.swift in Sources */ = {isa = PBXBuildFile; fileRef = 662868DB2223553B00CE49D0 /* PTHelpers.swift */; };
		662868DE2223559A00CE49D0 /* MovingView.swift in Sources */ = {isa = PBXBuildFile; fileRef = 662868DD2223559A00CE49D0 /* MovingView.swift */; };
		662868E02223562600CE49D0 /* PTDetailViewController.swift in Sources */ = {isa = PBXBuildFile; fileRef = 662868DF2223562600CE49D0 /* PTDetailViewController.swift */; };
/* End PBXBuildFile section */

/* Begin PBXFileReference section */
		6626446821BEC04E006D616E /* CADisplayLinkViewController.swift */ = {isa = PBXFileReference; lastKnownFileType = sourcecode.swift; path = CADisplayLinkViewController.swift; sourceTree = "<group>"; };
		662868552221BC7700CE49D0 /* Info.plist */ = {isa = PBXFileReference; fileEncoding = 4; lastKnownFileType = text.plist.xml; path = Info.plist; sourceTree = "<group>"; };
		6628685B2221C1FF00CE49D0 /* AppFunFeautres.app */ = {isa = PBXFileReference; explicitFileType = wrapper.application; includeInIndex = 0; path = AppFunFeautres.app; sourceTree = BUILT_PRODUCTS_DIR; };
		662868812221EF1900CE49D0 /* AnimateTransitBaseViewController.swift */ = {isa = PBXFileReference; lastKnownFileType = sourcecode.swift; path = AnimateTransitBaseViewController.swift; sourceTree = "<group>"; };
		662868832221F53F00CE49D0 /* PhotoBrowser.swift */ = {isa = PBXFileReference; lastKnownFileType = sourcecode.swift; path = PhotoBrowser.swift; sourceTree = "<group>"; };
		662868852221F5E400CE49D0 /* PhotoBrowserBaseCell.swift */ = {isa = PBXFileReference; lastKnownFileType = sourcecode.swift; path = PhotoBrowserBaseCell.swift; sourceTree = "<group>"; };
		662868872221F63800CE49D0 /* PhotoBrowserBaseDelegate.swift */ = {isa = PBXFileReference; lastKnownFileType = sourcecode.swift; path = PhotoBrowserBaseDelegate.swift; sourceTree = "<group>"; };
		662868892221F74F00CE49D0 /* PhotoBrowserDelegate.swift */ = {isa = PBXFileReference; lastKnownFileType = sourcecode.swift; path = PhotoBrowserDelegate.swift; sourceTree = "<group>"; };
		6628688B2221F7CA00CE49D0 /* PhotoBrowserDataSource.swift */ = {isa = PBXFileReference; lastKnownFileType = sourcecode.swift; path = PhotoBrowserDataSource.swift; sourceTree = "<group>"; };
		6628688D2221F7F300CE49D0 /* PhotoBrowserTransitioningDelegate.swift */ = {isa = PBXFileReference; lastKnownFileType = sourcecode.swift; path = PhotoBrowserTransitioningDelegate.swift; sourceTree = "<group>"; };
		662868912221FA0C00CE49D0 /* PhotoBrowserFadeTransitioning.swift */ = {isa = PBXFileReference; lastKnownFileType = sourcecode.swift; path = PhotoBrowserFadeTransitioning.swift; sourceTree = "<group>"; };
		662868932221FAE700CE49D0 /* PhotoBroswerPresentationController.swift */ = {isa = PBXFileReference; lastKnownFileType = sourcecode.swift; path = PhotoBroswerPresentationController.swift; sourceTree = "<group>"; };
		662868952221FB1600CE49D0 /* PhotoBrowserTransitioning.swift */ = {isa = PBXFileReference; lastKnownFileType = sourcecode.swift; path = PhotoBrowserTransitioning.swift; sourceTree = "<group>"; };
		662868972221FB7000CE49D0 /* PhotoBrowserZoomTransition.swift */ = {isa = PBXFileReference; lastKnownFileType = sourcecode.swift; path = PhotoBrowserZoomTransition.swift; sourceTree = "<group>"; };
		6628689A2221FC4F00CE49D0 /* PhotoBrowserFadeDismissingAnimator.swift */ = {isa = PBXFileReference; lastKnownFileType = sourcecode.swift; path = PhotoBrowserFadeDismissingAnimator.swift; sourceTree = "<group>"; };
		6628689C2221FC8100CE49D0 /* PhotoBrowserFadePresentingAnimator.swift */ = {isa = PBXFileReference; lastKnownFileType = sourcecode.swift; path = PhotoBrowserFadePresentingAnimator.swift; sourceTree = "<group>"; };
		6628689E2221FCA400CE49D0 /* PhotoBrowserZoomAnimator.swift */ = {isa = PBXFileReference; lastKnownFileType = sourcecode.swift; path = PhotoBrowserZoomAnimator.swift; sourceTree = "<group>"; };
		662868A02222037F00CE49D0 /* LocalDataSource.swift */ = {isa = PBXFileReference; lastKnownFileType = sourcecode.swift; path = LocalDataSource.swift; sourceTree = "<group>"; };
		662868A22222052A00CE49D0 /* Namespace.swift */ = {isa = PBXFileReference; lastKnownFileType = sourcecode.swift; path = Namespace.swift; sourceTree = "<group>"; };
		662868D72223538E00CE49D0 /* TableViewController.swift */ = {isa = PBXFileReference; lastKnownFileType = sourcecode.swift; path = TableViewController.swift; sourceTree = "<group>"; };
		662868D9222354C300CE49D0 /* PTTableCell.swift */ = {isa = PBXFileReference; lastKnownFileType = sourcecode.swift; path = PTTableCell.swift; sourceTree = "<group>"; };
		662868DB2223553B00CE49D0 /* PTHelpers.swift */ = {isa = PBXFileReference; lastKnownFileType = sourcecode.swift; path = PTHelpers.swift; sourceTree = "<group>"; };
		662868DD2223559A00CE49D0 /* MovingView.swift */ = {isa = PBXFileReference; lastKnownFileType = sourcecode.swift; path = MovingView.swift; sourceTree = "<group>"; };
		662868DF2223562600CE49D0 /* PTDetailViewController.swift */ = {isa = PBXFileReference; lastKnownFileType = sourcecode.swift; path = PTDetailViewController.swift; sourceTree = "<group>"; };
		663F6F6921EE45D000E1B965 /* StretchyCollectionViewController.swift */ = {isa = PBXFileReference; lastKnownFileType = sourcecode.swift; path = StretchyCollectionViewController.swift; sourceTree = "<group>"; };
		663F6F6B21EE4FAE00E1B965 /* CollectionHeaderView.swift */ = {isa = PBXFileReference; lastKnownFileType = sourcecode.swift; path = CollectionHeaderView.swift; sourceTree = "<group>"; };
		663F6F6D21EE70AE00E1B965 /* StretchyHeaderLayout.swift */ = {isa = PBXFileReference; lastKnownFileType = sourcecode.swift; path = StretchyHeaderLayout.swift; sourceTree = "<group>"; };
		664F011421ACD72900AD9BB2 /* AppDelegate.swift */ = {isa = PBXFileReference; lastKnownFileType = sourcecode.swift; path = AppDelegate.swift; sourceTree = "<group>"; };
		664F011621ACD72900AD9BB2 /* MainViewController.swift */ = {isa = PBXFileReference; lastKnownFileType = sourcecode.swift; path = MainViewController.swift; sourceTree = "<group>"; };
		664F011C21ACD72900AD9BB2 /* CoreDataSetup.xcdatamodel */ = {isa = PBXFileReference; lastKnownFileType = wrapper.xcdatamodel; path = CoreDataSetup.xcdatamodel; sourceTree = "<group>"; };
		664F011E21ACD72B00AD9BB2 /* Assets.xcassets */ = {isa = PBXFileReference; lastKnownFileType = folder.assetcatalog; path = Assets.xcassets; sourceTree = "<group>"; };
		664F012121ACD72B00AD9BB2 /* Base */ = {isa = PBXFileReference; lastKnownFileType = file.storyboard; name = Base; path = Base.lproj/LaunchScreen.storyboard; sourceTree = "<group>"; };
		664F012921ACDD1000AD9BB2 /* User+CoreDataClass.swift */ = {isa = PBXFileReference; lastKnownFileType = sourcecode.swift; path = "User+CoreDataClass.swift"; sourceTree = "<group>"; };
		664F012A21ACDD1000AD9BB2 /* User+CoreDataProperties.swift */ = {isa = PBXFileReference; lastKnownFileType = sourcecode.swift; path = "User+CoreDataProperties.swift"; sourceTree = "<group>"; };
		664F012D21ACDE0700AD9BB2 /* PersistenceManager.swift */ = {isa = PBXFileReference; lastKnownFileType = sourcecode.swift; path = PersistenceManager.swift; sourceTree = "<group>"; };
		66A16DCD21BC607C00C510F1 /* FbLikeAnimationViewController.swift */ = {isa = PBXFileReference; lastKnownFileType = sourcecode.swift; path = FbLikeAnimationViewController.swift; sourceTree = "<group>"; };
		66CD402821C2B21000AB850B /* ChatBubbleTableViewController.swift */ = {isa = PBXFileReference; lastKnownFileType = sourcecode.swift; path = ChatBubbleTableViewController.swift; sourceTree = "<group>"; };
/* End PBXFileReference section */

/* Begin PBXFrameworksBuildPhase section */
		662868582221C1FF00CE49D0 /* Frameworks */ = {
			isa = PBXFrameworksBuildPhase;
			buildActionMask = 2147483647;
			files = (
			);
			runOnlyForDeploymentPostprocessing = 0;
		};
/* End PBXFrameworksBuildPhase section */

/* Begin PBXGroup section */
		662868502221B80000CE49D0 /* 02ChatBubbleTableView */ = {
			isa = PBXGroup;
			children = (
				66CD402821C2B21000AB850B /* ChatBubbleTableViewController.swift */,
			);
			path = 02ChatBubbleTableView;
			sourceTree = "<group>";
		};
		662868512221B84400CE49D0 /* 01FacebookLikePopup */ = {
			isa = PBXGroup;
			children = (
				66A16DCD21BC607C00C510F1 /* FbLikeAnimationViewController.swift */,
			);
			path = 01FacebookLikePopup;
			sourceTree = "<group>";
		};
		662868522221B99500CE49D0 /* 03CADisplayLinkAnimateLabel */ = {
			isa = PBXGroup;
			children = (
				6626446821BEC04E006D616E /* CADisplayLinkViewController.swift */,
			);
			path = 03CADisplayLinkAnimateLabel;
			sourceTree = "<group>";
		};
		6628687E2221D23600CE49D0 /* 05CoreData */ = {
			isa = PBXGroup;
			children = (
				664F012A21ACDD1000AD9BB2 /* User+CoreDataProperties.swift */,
				664F012921ACDD1000AD9BB2 /* User+CoreDataClass.swift */,
				664F011B21ACD72900AD9BB2 /* CoreDataSetup.xcdatamodeld */,
			);
			path = 05CoreData;
			sourceTree = "<group>";
		};
		6628687F2221D2F300CE49D0 /* Helpers */ = {
			isa = PBXGroup;
			children = (
				664F012D21ACDE0700AD9BB2 /* PersistenceManager.swift */,
			);
			path = Helpers;
			sourceTree = "<group>";
		};
		662868802221EED800CE49D0 /* 06AnimateTransit */ = {
			isa = PBXGroup;
			children = (
				662868812221EF1900CE49D0 /* AnimateTransitBaseViewController.swift */,
				662868832221F53F00CE49D0 /* PhotoBrowser.swift */,
				662868872221F63800CE49D0 /* PhotoBrowserBaseDelegate.swift */,
				662868852221F5E400CE49D0 /* PhotoBrowserBaseCell.swift */,
				662868902221F9F800CE49D0 /* Transitions */,
				662868992221FC3400CE49D0 /* Animator */,
				6628688F2221F80A00CE49D0 /* Protocols */,
			);
			path = 06AnimateTransit;
			sourceTree = "<group>";
		};
		6628688F2221F80A00CE49D0 /* Protocols */ = {
			isa = PBXGroup;
			children = (
				662868A22222052A00CE49D0 /* Namespace.swift */,
				662868892221F74F00CE49D0 /* PhotoBrowserDelegate.swift */,
				6628688B2221F7CA00CE49D0 /* PhotoBrowserDataSource.swift */,
				6628688D2221F7F300CE49D0 /* PhotoBrowserTransitioningDelegate.swift */,
				662868A02222037F00CE49D0 /* LocalDataSource.swift */,
			);
			path = Protocols;
			sourceTree = "<group>";
		};
		662868902221F9F800CE49D0 /* Transitions */ = {
			isa = PBXGroup;
			children = (
				662868912221FA0C00CE49D0 /* PhotoBrowserFadeTransitioning.swift */,
				662868932221FAE700CE49D0 /* PhotoBroswerPresentationController.swift */,
				662868952221FB1600CE49D0 /* PhotoBrowserTransitioning.swift */,
				662868972221FB7000CE49D0 /* PhotoBrowserZoomTransition.swift */,
			);
			path = Transitions;
			sourceTree = "<group>";
		};
		662868992221FC3400CE49D0 /* Animator */ = {
			isa = PBXGroup;
			children = (
				6628689A2221FC4F00CE49D0 /* PhotoBrowserFadeDismissingAnimator.swift */,
				6628689C2221FC8100CE49D0 /* PhotoBrowserFadePresentingAnimator.swift */,
				6628689E2221FCA400CE49D0 /* PhotoBrowserZoomAnimator.swift */,
			);
			path = Animator;
			sourceTree = "<group>";
		};
		662868D62223536300CE49D0 /* 07TableViewAnimateTransit */ = {
			isa = PBXGroup;
			children = (
				662868D72223538E00CE49D0 /* TableViewController.swift */,
				662868D9222354C300CE49D0 /* PTTableCell.swift */,
				662868DB2223553B00CE49D0 /* PTHelpers.swift */,
				662868DD2223559A00CE49D0 /* MovingView.swift */,
				662868DF2223562600CE49D0 /* PTDetailViewController.swift */,
			);
			path = 07TableViewAnimateTransit;
			sourceTree = "<group>";
		};
		663F6F6821EE457F00E1B965 /* 04StretchyHeaderCollectionView */ = {
			isa = PBXGroup;
			children = (
				663F6F6B21EE4FAE00E1B965 /* CollectionHeaderView.swift */,
				663F6F6921EE45D000E1B965 /* StretchyCollectionViewController.swift */,
				663F6F6D21EE70AE00E1B965 /* StretchyHeaderLayout.swift */,
			);
			path = 04StretchyHeaderCollectionView;
			sourceTree = "<group>";
		};
		664F010821ACD72900AD9BB2 = {
			isa = PBXGroup;
			children = (
				664F011321ACD72900AD9BB2 /* AppFunFeatures */,
				664F011221ACD72900AD9BB2 /* Products */,
			);
			sourceTree = "<group>";
		};
		664F011221ACD72900AD9BB2 /* Products */ = {
			isa = PBXGroup;
			children = (
				6628685B2221C1FF00CE49D0 /* AppFunFeautres.app */,
			);
			name = Products;
			sourceTree = "<group>";
		};
		664F011321ACD72900AD9BB2 /* AppFunFeatures */ = {
			isa = PBXGroup;
			children = (
				664F011421ACD72900AD9BB2 /* AppDelegate.swift */,
				664F011621ACD72900AD9BB2 /* MainViewController.swift */,
				662868512221B84400CE49D0 /* 01FacebookLikePopup */,
				662868502221B80000CE49D0 /* 02ChatBubbleTableView */,
				662868522221B99500CE49D0 /* 03CADisplayLinkAnimateLabel */,
				663F6F6821EE457F00E1B965 /* 04StretchyHeaderCollectionView */,
				6628687E2221D23600CE49D0 /* 05CoreData */,
				662868802221EED800CE49D0 /* 06AnimateTransit */,
				662868D62223536300CE49D0 /* 07TableViewAnimateTransit */,
				6628687F2221D2F300CE49D0 /* Helpers */,
				664F011E21ACD72B00AD9BB2 /* Assets.xcassets */,
				664F012021ACD72B00AD9BB2 /* LaunchScreen.storyboard */,
				662868552221BC7700CE49D0 /* Info.plist */,
			);
			path = AppFunFeatures;
			sourceTree = "<group>";
		};
/* End PBXGroup section */

/* Begin PBXNativeTarget section */
		6628685A2221C1FF00CE49D0 /* AppFunFeautres */ = {
			isa = PBXNativeTarget;
			buildConfigurationList = 6628686A2221C20000CE49D0 /* Build configuration list for PBXNativeTarget "AppFunFeautres" */;
			buildPhases = (
				662868572221C1FF00CE49D0 /* Sources */,
				662868582221C1FF00CE49D0 /* Frameworks */,
				662868592221C1FF00CE49D0 /* Resources */,
			);
			buildRules = (
			);
			dependencies = (
			);
			name = AppFunFeautres;
			productName = AppFunFeautres;
			productReference = 6628685B2221C1FF00CE49D0 /* AppFunFeautres.app */;
			productType = "com.apple.product-type.application";
		};
/* End PBXNativeTarget section */

/* Begin PBXProject section */
		664F010921ACD72900AD9BB2 /* Project object */ = {
			isa = PBXProject;
			attributes = {
				LastSwiftUpdateCheck = 1010;
				LastUpgradeCheck = 1010;
				ORGANIZATIONNAME = "Xin Zou";
				TargetAttributes = {
					6628685A2221C1FF00CE49D0 = {
						CreatedOnToolsVersion = 10.1;
					};
				};
			};
			buildConfigurationList = 664F010C21ACD72900AD9BB2 /* Build configuration list for PBXProject "AppFunFeatures" */;
			compatibilityVersion = "Xcode 9.3";
			developmentRegion = en;
			hasScannedForEncodings = 0;
			knownRegions = (
				en,
				Base,
			);
			mainGroup = 664F010821ACD72900AD9BB2;
			productRefGroup = 664F011221ACD72900AD9BB2 /* Products */;
			projectDirPath = "";
			projectRoot = "";
			targets = (
				6628685A2221C1FF00CE49D0 /* AppFunFeautres */,
			);
		};
/* End PBXProject section */

/* Begin PBXResourcesBuildPhase section */
		662868592221C1FF00CE49D0 /* Resources */ = {
			isa = PBXResourcesBuildPhase;
			buildActionMask = 2147483647;
			files = (
			);
			runOnlyForDeploymentPostprocessing = 0;
		};
/* End PBXResourcesBuildPhase section */

/* Begin PBXSourcesBuildPhase section */
		662868572221C1FF00CE49D0 /* Sources */ = {
			isa = PBXSourcesBuildPhase;
			buildActionMask = 2147483647;
			files = (
				6628687C2221D1CC00CE49D0 /* Assets.xcassets in Sources */,
				662868DC2223553B00CE49D0 /* PTHelpers.swift in Sources */,
				662868822221EF1900CE49D0 /* AnimateTransitBaseViewController.swift in Sources */,
				6628688A2221F74F00CE49D0 /* PhotoBrowserDelegate.swift in Sources */,
				6628687D2221D1CC00CE49D0 /* LaunchScreen.storyboard in Sources */,
				6628686F2221D18000CE49D0 /* FbLikeAnimationViewController.swift in Sources */,
				662868702221D18000CE49D0 /* ChatBubbleTableViewController.swift in Sources */,
				662868962221FB1600CE49D0 /* PhotoBrowserTransitioning.swift in Sources */,
				6628689D2221FC8100CE49D0 /* PhotoBrowserFadePresentingAnimator.swift in Sources */,
				662868842221F53F00CE49D0 /* PhotoBrowser.swift in Sources */,
				662868942221FAE700CE49D0 /* PhotoBroswerPresentationController.swift in Sources */,
				662868A12222037F00CE49D0 /* LocalDataSource.swift in Sources */,
				6628688C2221F7CA00CE49D0 /* PhotoBrowserDataSource.swift in Sources */,
				662868E02223562600CE49D0 /* PTDetailViewController.swift in Sources */,
				662868982221FB7000CE49D0 /* PhotoBrowserZoomTransition.swift in Sources */,
				662868D82223538E00CE49D0 /* TableViewController.swift in Sources */,
				662868DE2223559A00CE49D0 /* MovingView.swift in Sources */,
				6628688E2221F7F300CE49D0 /* PhotoBrowserTransitioningDelegate.swift in Sources */,
				662868712221D18000CE49D0 /* CADisplayLinkViewController.swift in Sources */,
				662868722221D18000CE49D0 /* CollectionHeaderView.swift in Sources */,
				662868732221D18000CE49D0 /* StretchyCollectionViewController.swift in Sources */,
				662868DA222354C300CE49D0 /* PTTableCell.swift in Sources */,
				6628689B2221FC4F00CE49D0 /* PhotoBrowserFadeDismissingAnimator.swift in Sources */,
				662868742221D18000CE49D0 /* StretchyHeaderLayout.swift in Sources */,
				6628689F2221FCA400CE49D0 /* PhotoBrowserZoomAnimator.swift in Sources */,
				662868A32222052A00CE49D0 /* Namespace.swift in Sources */,
				662868922221FA0C00CE49D0 /* PhotoBrowserFadeTransitioning.swift in Sources */,
				662868772221D18000CE49D0 /* User+CoreDataProperties.swift in Sources */,
				662868782221D18000CE49D0 /* User+CoreDataClass.swift in Sources */,
				6628687B2221D18000CE49D0 /* PersistenceManager.swift in Sources */,
				6628686D2221D15E00CE49D0 /* AppDelegate.swift in Sources */,
				662868862221F5E400CE49D0 /* PhotoBrowserBaseCell.swift in Sources */,
				662868882221F63800CE49D0 /* PhotoBrowserBaseDelegate.swift in Sources */,
				6628686E2221D15E00CE49D0 /* MainViewController.swift in Sources */,
			);
			runOnlyForDeploymentPostprocessing = 0;
		};
/* End PBXSourcesBuildPhase section */

/* Begin PBXVariantGroup section */
		664F012021ACD72B00AD9BB2 /* LaunchScreen.storyboard */ = {
			isa = PBXVariantGroup;
			children = (
				664F012121ACD72B00AD9BB2 /* Base */,
			);
			name = LaunchScreen.storyboard;
			sourceTree = "<group>";
		};
/* End PBXVariantGroup section */

/* Begin XCBuildConfiguration section */
		6628686B2221C20000CE49D0 /* Debug */ = {
			isa = XCBuildConfiguration;
			buildSettings = {
				ASSETCATALOG_COMPILER_APPICON_NAME = AppIcon;
				CODE_SIGN_STYLE = Automatic;
				DEVELOPMENT_TEAM = 6S4EWJH888;
				INFOPLIST_FILE = "$(SRCROOT)/AppFunFeatures/Info.plist";
				IPHONEOS_DEPLOYMENT_TARGET = 11.0;
				LD_RUNPATH_SEARCH_PATHS = (
					"$(inherited)",
					"@executable_path/Frameworks",
				);
				PRODUCT_BUNDLE_IDENTIFIER = edu.stevens.xinzou.AppFunFeautres;
				PRODUCT_NAME = "$(TARGET_NAME)";
				SWIFT_VERSION = 4.2;
				TARGETED_DEVICE_FAMILY = "1,2";
			};
			name = Debug;
		};
		6628686C2221C20000CE49D0 /* Release */ = {
			isa = XCBuildConfiguration;
			buildSettings = {
				ASSETCATALOG_COMPILER_APPICON_NAME = AppIcon;
				CODE_SIGN_STYLE = Automatic;
				DEVELOPMENT_TEAM = 6S4EWJH888;
				INFOPLIST_FILE = "$(SRCROOT)/AppFunFeatures/Info.plist";
				IPHONEOS_DEPLOYMENT_TARGET = 11.0;
				LD_RUNPATH_SEARCH_PATHS = (
					"$(inherited)",
					"@executable_path/Frameworks",
				);
				PRODUCT_BUNDLE_IDENTIFIER = edu.stevens.xinzou.AppFunFeautres;
				PRODUCT_NAME = "$(TARGET_NAME)";
				SWIFT_VERSION = 4.2;
				TARGETED_DEVICE_FAMILY = "1,2";
			};
			name = Release;
		};
		664F012421ACD72B00AD9BB2 /* Debug */ = {
			isa = XCBuildConfiguration;
			buildSettings = {
				ALWAYS_SEARCH_USER_PATHS = NO;
				CLANG_ANALYZER_NONNULL = YES;
				CLANG_ANALYZER_NUMBER_OBJECT_CONVERSION = YES_AGGRESSIVE;
				CLANG_CXX_LANGUAGE_STANDARD = "gnu++14";
				CLANG_CXX_LIBRARY = "libc++";
				CLANG_ENABLE_MODULES = YES;
				CLANG_ENABLE_OBJC_ARC = YES;
				CLANG_ENABLE_OBJC_WEAK = YES;
				CLANG_WARN_BLOCK_CAPTURE_AUTORELEASING = YES;
				CLANG_WARN_BOOL_CONVERSION = YES;
				CLANG_WARN_COMMA = YES;
				CLANG_WARN_CONSTANT_CONVERSION = YES;
				CLANG_WARN_DEPRECATED_OBJC_IMPLEMENTATIONS = YES;
				CLANG_WARN_DIRECT_OBJC_ISA_USAGE = YES_ERROR;
				CLANG_WARN_DOCUMENTATION_COMMENTS = YES;
				CLANG_WARN_EMPTY_BODY = YES;
				CLANG_WARN_ENUM_CONVERSION = YES;
				CLANG_WARN_INFINITE_RECURSION = YES;
				CLANG_WARN_INT_CONVERSION = YES;
				CLANG_WARN_NON_LITERAL_NULL_CONVERSION = YES;
				CLANG_WARN_OBJC_IMPLICIT_RETAIN_SELF = YES;
				CLANG_WARN_OBJC_LITERAL_CONVERSION = YES;
				CLANG_WARN_OBJC_ROOT_CLASS = YES_ERROR;
				CLANG_WARN_RANGE_LOOP_ANALYSIS = YES;
				CLANG_WARN_STRICT_PROTOTYPES = YES;
				CLANG_WARN_SUSPICIOUS_MOVE = YES;
				CLANG_WARN_UNGUARDED_AVAILABILITY = YES_AGGRESSIVE;
				CLANG_WARN_UNREACHABLE_CODE = YES;
				CLANG_WARN__DUPLICATE_METHOD_MATCH = YES;
				CODE_SIGN_IDENTITY = "iPhone Developer";
				COPY_PHASE_STRIP = NO;
				DEBUG_INFORMATION_FORMAT = dwarf;
				ENABLE_STRICT_OBJC_MSGSEND = YES;
				ENABLE_TESTABILITY = YES;
				GCC_C_LANGUAGE_STANDARD = gnu11;
				GCC_DYNAMIC_NO_PIC = NO;
				GCC_NO_COMMON_BLOCKS = YES;
				GCC_OPTIMIZATION_LEVEL = 0;
				GCC_PREPROCESSOR_DEFINITIONS = (
					"DEBUG=1",
					"$(inherited)",
				);
				GCC_WARN_64_TO_32_BIT_CONVERSION = YES;
				GCC_WARN_ABOUT_RETURN_TYPE = YES_ERROR;
				GCC_WARN_UNDECLARED_SELECTOR = YES;
				GCC_WARN_UNINITIALIZED_AUTOS = YES_AGGRESSIVE;
				GCC_WARN_UNUSED_FUNCTION = YES;
				GCC_WARN_UNUSED_VARIABLE = YES;
				IPHONEOS_DEPLOYMENT_TARGET = 11.0;
				MTL_ENABLE_DEBUG_INFO = INCLUDE_SOURCE;
				MTL_FAST_MATH = YES;
				ONLY_ACTIVE_ARCH = YES;
				SDKROOT = iphoneos;
				SWIFT_ACTIVE_COMPILATION_CONDITIONS = DEBUG;
				SWIFT_OPTIMIZATION_LEVEL = "-Onone";
			};
			name = Debug;
		};
		664F012521ACD72B00AD9BB2 /* Release */ = {
			isa = XCBuildConfiguration;
			buildSettings = {
				ALWAYS_SEARCH_USER_PATHS = NO;
				CLANG_ANALYZER_NONNULL = YES;
				CLANG_ANALYZER_NUMBER_OBJECT_CONVERSION = YES_AGGRESSIVE;
				CLANG_CXX_LANGUAGE_STANDARD = "gnu++14";
				CLANG_CXX_LIBRARY = "libc++";
				CLANG_ENABLE_MODULES = YES;
				CLANG_ENABLE_OBJC_ARC = YES;
				CLANG_ENABLE_OBJC_WEAK = YES;
				CLANG_WARN_BLOCK_CAPTURE_AUTORELEASING = YES;
				CLANG_WARN_BOOL_CONVERSION = YES;
				CLANG_WARN_COMMA = YES;
				CLANG_WARN_CONSTANT_CONVERSION = YES;
				CLANG_WARN_DEPRECATED_OBJC_IMPLEMENTATIONS = YES;
				CLANG_WARN_DIRECT_OBJC_ISA_USAGE = YES_ERROR;
				CLANG_WARN_DOCUMENTATION_COMMENTS = YES;
				CLANG_WARN_EMPTY_BODY = YES;
				CLANG_WARN_ENUM_CONVERSION = YES;
				CLANG_WARN_INFINITE_RECURSION = YES;
				CLANG_WARN_INT_CONVERSION = YES;
				CLANG_WARN_NON_LITERAL_NULL_CONVERSION = YES;
				CLANG_WARN_OBJC_IMPLICIT_RETAIN_SELF = YES;
				CLANG_WARN_OBJC_LITERAL_CONVERSION = YES;
				CLANG_WARN_OBJC_ROOT_CLASS = YES_ERROR;
				CLANG_WARN_RANGE_LOOP_ANALYSIS = YES;
				CLANG_WARN_STRICT_PROTOTYPES = YES;
				CLANG_WARN_SUSPICIOUS_MOVE = YES;
				CLANG_WARN_UNGUARDED_AVAILABILITY = YES_AGGRESSIVE;
				CLANG_WARN_UNREACHABLE_CODE = YES;
				CLANG_WARN__DUPLICATE_METHOD_MATCH = YES;
				CODE_SIGN_IDENTITY = "iPhone Developer";
				COPY_PHASE_STRIP = NO;
				DEBUG_INFORMATION_FORMAT = "dwarf-with-dsym";
				ENABLE_NS_ASSERTIONS = NO;
				ENABLE_STRICT_OBJC_MSGSEND = YES;
				GCC_C_LANGUAGE_STANDARD = gnu11;
				GCC_NO_COMMON_BLOCKS = YES;
				GCC_WARN_64_TO_32_BIT_CONVERSION = YES;
				GCC_WARN_ABOUT_RETURN_TYPE = YES_ERROR;
				GCC_WARN_UNDECLARED_SELECTOR = YES;
				GCC_WARN_UNINITIALIZED_AUTOS = YES_AGGRESSIVE;
				GCC_WARN_UNUSED_FUNCTION = YES;
				GCC_WARN_UNUSED_VARIABLE = YES;
				IPHONEOS_DEPLOYMENT_TARGET = 11.0;
				MTL_ENABLE_DEBUG_INFO = NO;
				MTL_FAST_MATH = YES;
				SDKROOT = iphoneos;
				SWIFT_COMPILATION_MODE = wholemodule;
				SWIFT_OPTIMIZATION_LEVEL = "-O";
				VALIDATE_PRODUCT = YES;
			};
			name = Release;
		};
/* End XCBuildConfiguration section */

/* Begin XCConfigurationList section */
		6628686A2221C20000CE49D0 /* Build configuration list for PBXNativeTarget "AppFunFeautres" */ = {
			isa = XCConfigurationList;
			buildConfigurations = (
				6628686B2221C20000CE49D0 /* Debug */,
				6628686C2221C20000CE49D0 /* Release */,
			);
			defaultConfigurationIsVisible = 0;
			defaultConfigurationName = Release;
		};
		664F010C21ACD72900AD9BB2 /* Build configuration list for PBXProject "AppFunFeatures" */ = {
			isa = XCConfigurationList;
			buildConfigurations = (
				664F012421ACD72B00AD9BB2 /* Debug */,
				664F012521ACD72B00AD9BB2 /* Release */,
			);
			defaultConfigurationIsVisible = 0;
			defaultConfigurationName = Release;
		};
/* End XCConfigurationList section */

/* Begin XCVersionGroup section */
		664F011B21ACD72900AD9BB2 /* CoreDataSetup.xcdatamodeld */ = {
			isa = XCVersionGroup;
			children = (
				664F011C21ACD72900AD9BB2 /* CoreDataSetup.xcdatamodel */,
			);
			currentVersion = 664F011C21ACD72900AD9BB2 /* CoreDataSetup.xcdatamodel */;
			path = CoreDataSetup.xcdatamodeld;
			sourceTree = "<group>";
			versionGroupType = wrapper.xcdatamodel;
		};
/* End XCVersionGroup section */
	};
	rootObject = 664F010921ACD72900AD9BB2 /* Project object */;
}
